
Microsoft Visual Studio Solution File, Format Version 12.00
# Visual Studio Version 16
VisualStudioVersion = 16.0.29201.188
MinimumVisualStudioVersion = 10.0.40219.1
Project("{FAE04EC0-301F-11D3-BF4B-00C04F79EFBC}") = "Краулер", "Краулер\Краулер.csproj", "{9106E848-A4F9-4AF4-96C8-6C2D3FAA2064}"
EndProject
Global
	GlobalSection(SolutionConfigurationPlatforms) = preSolution
		Debug|Any CPU = Debug|Any CPU
		Release|Any CPU = Release|Any CPU
	EndGlobalSection
	GlobalSection(ProjectConfigurationPlatforms) = postSolution
		{9106E848-A4F9-4AF4-96C8-6C2D3FAA2064}.Debug|Any CPU.ActiveCfg = Debug|Any CPU
		{9106E848-A4F9-4AF4-96C8-6C2D3FAA2064}.Debug|Any CPU.Build.0 = Debug|Any CPU
		{9106E848-A4F9-4AF4-96C8-6C2D3FAA2064}.Release|Any CPU.ActiveCfg = Release|Any CPU
		{9106E848-A4F9-4AF4-96C8-6C2D3FAA2064}.Release|Any CPU.Build.0 = Release|Any CPU
	EndGlobalSection
	GlobalSection(SolutionProperties) = preSolution
		HideSolutionNode = FALSE
	EndGlobalSection
	GlobalSection(ExtensibilityGlobals) = postSolution
		SolutionGuid = {1A1A645A-1BB9-4EB9-9C88-D16133891A74}
	EndGlobalSection
EndGlobal
